Microsoft Visual Studio Solution File, Format Version 12.00
# Visual Studio Version 17
VisualStudioVersion = 17.5.2.0
MinimumVisualStudioVersion = 10.0.40219.1
Project("{FAE04EC0-301F-11D3-BF4B-00C04F79EFBC}") = "imdbxref", "imdbxref.csproj", "{F139D2BD-9F5E-14CB-E765-B0C99EDD9F31}"
EndProject
Global
	GlobalSection(SolutionConfigurationPlatforms) = preSolution
		Debug|Any CPU = Debug|Any CPU
		Release|Any CPU = Release|Any CPU
	EndGlobalSection
	GlobalSection(ProjectConfigurationPlatforms) = postSolution
		{F139D2BD-9F5E-14CB-E765-B0C99EDD9F31}.Debug|Any CPU.ActiveCfg = Debug|Any CPU
		{F139D2BD-9F5E-14CB-E765-B0C99EDD9F31}.Debug|Any CPU.Build.0 = Debug|Any CPU
		{F139D2BD-9F5E-14CB-E765-B0C99EDD9F31}.Release|Any CPU.ActiveCfg = Release|Any CPU
		{F139D2BD-9F5E-14CB-E765-B0C99EDD9F31}.Release|Any CPU.Build.0 = Release|Any CPU
	EndGlobalSection
	GlobalSection(SolutionProperties) = preSolution
		HideSolutionNode = FALSE
	EndGlobalSection
	GlobalSection(ExtensibilityGlobals) = postSolution
		SolutionGuid = {BC42AD05-8B16-4960-893F-9BD43C24FED5}
	EndGlobalSection
EndGlobal
